
Microsoft Visual Studio Solution File, Format Version 12.00
# Visual Studio 2012
Project("{FAE04EC0-301F-11D3-BF4B-00C04F79EFBC}") = "OnlineLifeScheduler", "OnlineLifeScheduler\OnlineLifeScheduler.csproj", "{7E28882B-116C-4DEE-9E5B-E448A73DCBAD}"
EndProject
Global
	GlobalSection(SolutionConfigurationPlatforms) = preSolution
		Debug|Any CPU = Debug|Any CPU
		Release|Any CPU = Release|Any CPU
	EndGlobalSection
	GlobalSection(ProjectConfigurationPlatforms) = postSolution
		{7E28882B-116C-4DEE-9E5B-E448A73DCBAD}.Debug|Any CPU.ActiveCfg = Debug|Any CPU
		{7E28882B-116C-4DEE-9E5B-E448A73DCBAD}.Debug|Any CPU.Build.0 = Debug|Any CPU
		{7E28882B-116C-4DEE-9E5B-E448A73DCBAD}.Release|Any CPU.ActiveCfg = Release|Any CPU
		{7E28882B-116C-4DEE-9E5B-E448A73DCBAD}.Release|Any CPU.Build.0 = Release|Any CPU
	EndGlobalSection
	GlobalSection(SolutionProperties) = preSolution
		HideSolutionNode = FALSE
	EndGlobalSection
EndGlobal
